
Microsoft Visual Studio Solution File, Format Version 12.00
# Visual Studio 15
Project("{FAE04EC0-301F-11D3-BF4B-00C04F79EFBC}") = "Unity.Timeline", "Unity.Timeline.csproj", "{F44C9B31-30D6-EB6A-67EE-E77285A004B3}"
EndProject
Project("{FAE04EC0-301F-11D3-BF4B-00C04F79EFBC}") = "Unity.ShaderGraph.Editor", "Unity.ShaderGraph.Editor.csproj", "{F2002EDB-A48F-6718-2371-AD53E95B0308}"
EndProject
Project("{FAE04EC0-301F-11D3-BF4B-00C04F79EFBC}") = "Unity.VisualScripting.Flow", "Unity.VisualScripting.Flow.csproj", "{39EED265-7147-43DB-4FBB-4549E1129E60}"
EndProject
Project("{FAE04EC0-301F-11D3-BF4B-00C04F79EFBC}") = "Unity.RenderPipelines.Universal.Runtime", "Unity.RenderPipelines.Universal.Runtime.csproj", "{5E4712EA-CA40-3655-D5BD-C4FED6BCAB78}"
EndProject
Project("{FAE04EC0-301F-11D3-BF4B-00C04F79EFBC}") = "UnityEditor.UI", "UnityEditor.UI.csproj", "{583FE318-F637-A982-FEB4-A6BB70D4AD1F}"
EndProject
Project("{FAE04EC0-301F-11D3-BF4B-00C04F79EFBC}") = "Unity.Timeline.Editor", "Unity.Timeline.Editor.csproj", "{BA0954CF-ED0B-10A5-CACF-16DD8622B88B}"
EndProject
Project("{FAE04EC0-301F-11D3-BF4B-00C04F79EFBC}") = "Unity.PlasticSCM.Editor", "Unity.PlasticSCM.Editor.csproj", "{D104DF82-F213-873A-0DE8-80C8207B27C8}"
EndProject
Project("{FAE04EC0-301F-11D3-BF4B-00C04F79EFBC}") = "Unity.RenderPipelines.Core.Runtime", "Unity.RenderPipelines.Core.Runtime.csproj", "{E910D0DF-8DDC-7EE3-9173-5AC2BFF9DBDA}"
EndProject
Project("{FAE04EC0-301F-11D3-BF4B-00C04F79EFBC}") = "Unity.Mathematics", "Unity.Mathematics.csproj", "{93304ADD-73F9-156D-C1B3-B7307C6FDF0F}"
EndProject
Project("{FAE04EC0-301F-11D3-BF4B-00C04F79EFBC}") = "Unity.RenderPipelines.Core.Editor", "Unity.RenderPipelines.Core.Editor.csproj", "{92673D51-7FD1-2B35-3062-703D9D405010}"
EndProject
Project("{FAE04EC0-301F-11D3-BF4B-00C04F79EFBC}") = "Unity.2D.Common.Path.Editor", "Unity.2D.Common.Path.Editor.csproj", "{902CA0E0-9216-8E7D-5451-D89AECC81797}"
EndProject
Project("{FAE04EC0-301F-11D3-BF4B-00C04F79EFBC}") = "Unity.2D.Psdimporter.Editor", "Unity.2D.Psdimporter.Editor.csproj", "{37567434-7AB6-ABFE-6C91-13A93A962B6A}"
EndProject
Project("{FAE04EC0-301F-11D3-BF4B-00C04F79EFBC}") = "Unity.VisualScripting.Core.Editor", "Unity.VisualScripting.Core.Editor.csproj", "{766CCCB1-8C46-1E20-1850-A243A84FA1BE}"
EndProject
Project("{FAE04EC0-301F-11D3-BF4B-00C04F79EFBC}") = "Unity.2D.IK.Runtime", "Unity.2D.IK.Runtime.csproj", "{95461532-07A1-55E2-AA5D-D2FA5B2D93E8}"
EndProject
Project("{FAE04EC0-301F-11D3-BF4B-00C04F79EFBC}") = "UnityEditor.TestRunner", "UnityEditor.TestRunner.csproj", "{883F6A85-973F-390B-9535-280691BE99ED}"
EndProject
Project("{FAE04EC0-301F-11D3-BF4B-00C04F79EFBC}") = "Unity.InputSystem", "Unity.InputSystem.csproj", "{7CC13C3F-59F8-DAF7-2057-2A37C8986D9B}"
EndProject
Project("{FAE04EC0-301F-11D3-BF4B-00C04F79EFBC}") = "Unity.RenderPipelines.Universal.Editor", "Unity.RenderPipelines.Universal.Editor.csproj", "{FA330538-5AC1-9CE0-F12C-BCD2270D4DF0}"
EndProject
Project("{FAE04EC0-301F-11D3-BF4B-00C04F79EFBC}") = "Unity.TextMeshPro.Editor", "Unity.TextMeshPro.Editor.csproj", "{52191DF3-DF4C-A3FF-195C-134A0AEC997F}"
EndProject
Project("{FAE04EC0-301F-11D3-BF4B-00C04F79EFBC}") = "Unity.VisualScripting.Flow.Editor", "Unity.VisualScripting.Flow.Editor.csproj", "{25E17544-AB8B-6079-B45A-8B42E1D37245}"
EndProject
Project("{FAE04EC0-301F-11D3-BF4B-00C04F79EFBC}") = "UnityEngine.TestRunner", "UnityEngine.TestRunner.csproj", "{EA714100-F63F-B370-9A88-43E38A45763E}"
EndProject
Project("{FAE04EC0-301F-11D3-BF4B-00C04F79EFBC}") = "Unity.VisualScripting.Core", "Unity.VisualScripting.Core.csproj", "{6E78E11F-5A3B-340B-937B-78905AF1E9D2}"
EndProject
Project("{FAE04EC0-301F-11D3-BF4B-00C04F79EFBC}") = "Unity.2D.Tilemap.Editor", "Unity.2D.Tilemap.Editor.csproj", "{6383B7A1-8411-2DD0-31C4-D015D2F15D75}"
EndProject
Project("{FAE04EC0-301F-11D3-BF4B-00C04F79EFBC}") = "Unity.Searcher.Editor", "Unity.Searcher.Editor.csproj", "{E01D41B9-6B67-7103-CBDD-642528EE9049}"
EndProject
Project("{FAE04EC0-301F-11D3-BF4B-00C04F79EFBC}") = "Unity.Burst", "Unity.Burst.csproj", "{56B5A934-5625-24C2-FA33-461E80810526}"
EndProject
Project("{FAE04EC0-301F-11D3-BF4B-00C04F79EFBC}") = "PsdPlugin", "PsdPlugin.csproj", "{F88FAE99-ECB4-8708-8D68-AEFCF836AE7B}"
EndProject
Project("{FAE04EC0-301F-11D3-BF4B-00C04F79EFBC}") = "Unity.Collections", "Unity.Collections.csproj", "{352D933E-B305-EA9F-4C8A-7490ABF16E43}"
EndProject
Project("{FAE04EC0-301F-11D3-BF4B-00C04F79EFBC}") = "Unity.2D.Animation.Editor", "Unity.2D.Animation.Editor.csproj", "{B7A6EB53-EFCC-157D-5EF4-7B26D43DEEA0}"
EndProject
Project("{FAE04EC0-301F-11D3-BF4B-00C04F79EFBC}") = "Unity.2D.SpriteShape.Editor", "Unity.2D.SpriteShape.Editor.csproj", "{77AE2112-EA88-90A6-01F3-1F741CC89009}"
EndProject
Project("{FAE04EC0-301F-11D3-BF4B-00C04F79EFBC}") = "Unity.VisualStudio.Editor", "Unity.VisualStudio.Editor.csproj", "{5DECB17F-042C-4B1C-6AF8-58F16682FE4D}"
EndProject
Project("{FAE04EC0-301F-11D3-BF4B-00C04F79EFBC}") = "PPv2URPConverters", "PPv2URPConverters.csproj", "{C591064E-03DD-F6F8-EA31-CB2863A5DC86}"
EndProject
Project("{FAE04EC0-301F-11D3-BF4B-00C04F79EFBC}") = "AstarPathfindingProject", "AstarPathfindingProject.csproj", "{077C2373-DFAF-8CE5-3217-2AA2F348AB47}"
EndProject
Project("{FAE04EC0-301F-11D3-BF4B-00C04F79EFBC}") = "Unity.Rider.Editor", "Unity.Rider.Editor.csproj", "{901FA208-2629-51AB-417E-17CCE0E4E77C}"
EndProject
Project("{FAE04EC0-301F-11D3-BF4B-00C04F79EFBC}") = "Unity.InternalAPIEditorBridge.001", "Unity.InternalAPIEditorBridge.001.csproj", "{0122A4C9-3444-CA7D-361E-7D425C9D6B84}"
EndProject
Project("{FAE04EC0-301F-11D3-BF4B-00C04F79EFBC}") = "Unity.2D.SpriteShape.Runtime", "Unity.2D.SpriteShape.Runtime.csproj", "{D41368A2-8597-D86E-1788-250483848CA6}"
EndProject
Project("{FAE04EC0-301F-11D3-BF4B-00C04F79EFBC}") = "Unity.VisualScripting.State.Editor", "Unity.VisualScripting.State.Editor.csproj", "{7417F353-6899-D759-BB2C-C159B359081B}"
EndProject
Project("{FAE04EC0-301F-11D3-BF4B-00C04F79EFBC}") = "UnityEngine.UI", "UnityEngine.UI.csproj", "{EEDCB3C5-B283-B7FC-DD2B-A87D7B2339A0}"
EndProject
Project("{FAE04EC0-301F-11D3-BF4B-00C04F79EFBC}") = "Unity.Burst.CodeGen", "Unity.Burst.CodeGen.csproj", "{BA7689BA-565C-3FFC-C3AD-1EAAD141BC84}"
EndProject
Project("{FAE04EC0-301F-11D3-BF4B-00C04F79EFBC}") = "Unity.RenderPipeline.Universal.ShaderLibrary", "Unity.RenderPipeline.Universal.ShaderLibrary.csproj", "{5D003C87-0A32-D355-99D7-36EDC744D35E}"
EndProject
Project("{FAE04EC0-301F-11D3-BF4B-00C04F79EFBC}") = "Unity.VisualScripting.State", "Unity.VisualScripting.State.csproj", "{D184956C-EB33-53E1-E16B-67A65989662A}"
EndProject
Project("{FAE04EC0-301F-11D3-BF4B-00C04F79EFBC}") = "Unity.TextMeshPro", "Unity.TextMeshPro.csproj", "{553D1EAE-AA7A-9C32-E9FC-EA600CFD0AA8}"
EndProject
Project("{FAE04EC0-301F-11D3-BF4B-00C04F79EFBC}") = "Unity.2D.Tilemap.Extras.Editor", "Unity.2D.Tilemap.Extras.Editor.csproj", "{59A4981E-0BB1-C1AB-692A-A7F182DEE43C}"
EndProject
Project("{FAE04EC0-301F-11D3-BF4B-00C04F79EFBC}") = "Unity.2D.Animation.Runtime", "Unity.2D.Animation.Runtime.csproj", "{60720793-278F-73B7-E380-F21BC564C3D6}"
EndProject
Project("{FAE04EC0-301F-11D3-BF4B-00C04F79EFBC}") = "Unity.VisualScripting.SettingsProvider.Editor", "Unity.VisualScripting.SettingsProvider.Editor.csproj", "{C141AA17-0F55-5F64-F166-186B23CFAA2B}"
EndProject
Project("{FAE04EC0-301F-11D3-BF4B-00C04F79EFBC}") = "Assembly-CSharp", "Assembly-CSharp.csproj", "{6F234022-8BF6-9C14-DC2B-C3427EDCC407}"
EndProject
Project("{FAE04EC0-301F-11D3-BF4B-00C04F79EFBC}") = "Unity.VSCode.Editor", "Unity.VSCode.Editor.csproj", "{80827706-A7A5-1E4B-8C2B-7084AF8048E5}"
EndProject
Project("{FAE04EC0-301F-11D3-BF4B-00C04F79EFBC}") = "Unity.2D.IK.Editor", "Unity.2D.IK.Editor.csproj", "{F0A603B6-602B-3C4F-D0FC-CAF22B344000}"
EndProject
Project("{FAE04EC0-301F-11D3-BF4B-00C04F79EFBC}") = "Unity.InternalAPIEngineBridge.001", "Unity.InternalAPIEngineBridge.001.csproj", "{F13D3E9E-0618-62B5-04B7-5B6AA7B87B49}"
EndProject
Project("{FAE04EC0-301F-11D3-BF4B-00C04F79EFBC}") = "Unity.Burst.Editor", "Unity.Burst.Editor.csproj", "{0E162B7A-8FA5-76AA-5385-161C7C6F5397}"
EndProject
Project("{FAE04EC0-301F-11D3-BF4B-00C04F79EFBC}") = "Unity.2D.Common.Editor", "Unity.2D.Common.Editor.csproj", "{147F6256-175E-EEB6-98DF-819B1B64A494}"
EndProject
Project("{FAE04EC0-301F-11D3-BF4B-00C04F79EFBC}") = "Unity.2D.PixelPerfect", "Unity.2D.PixelPerfect.csproj", "{C7A56FEE-D0C6-C71E-881F-52D70ED2754D}"
EndProject
Project("{FAE04EC0-301F-11D3-BF4B-00C04F79EFBC}") = "Unity.2D.PixelPerfect.Editor", "Unity.2D.PixelPerfect.Editor.csproj", "{31DA2B92-04D6-72DD-386C-8E7027C2A5A4}"
EndProject
Project("{FAE04EC0-301F-11D3-BF4B-00C04F79EFBC}") = "Unity.2D.Common.Runtime", "Unity.2D.Common.Runtime.csproj", "{B7627A58-687D-E576-828D-DD1B6C9FF0E0}"
EndProject
Project("{FAE04EC0-301F-11D3-BF4B-00C04F79EFBC}") = "Unity.2D.Sprite.Editor", "Unity.2D.Sprite.Editor.csproj", "{5084DD9A-4092-B2E2-D20D-C67B135DB049}"
EndProject
Project("{FAE04EC0-301F-11D3-BF4B-00C04F79EFBC}") = "PackageToolsEditor", "PackageToolsEditor.csproj", "{269F13CF-6A68-AD79-CFC8-221C462270B0}"
EndProject
Project("{FAE04EC0-301F-11D3-BF4B-00C04F79EFBC}") = "Unity.InputSystem.ForUI", "Unity.InputSystem.ForUI.csproj", "{E3EB67A9-714E-E77A-A446-3389C6FC04DA}"
EndProject
Project("{FAE04EC0-301F-11D3-BF4B-00C04F79EFBC}") = "AstarPathfindingProjectEditor", "AstarPathfindingProjectEditor.csproj", "{EA7591B3-A2A5-BA80-F4D5-7021D4E993FF}"
EndProject
Project("{FAE04EC0-301F-11D3-BF4B-00C04F79EFBC}") = "Unity.Mathematics.Editor", "Unity.Mathematics.Editor.csproj", "{C30AAD03-EDD6-3A28-EF75-1E352FA5D542}"
EndProject
Project("{FAE04EC0-301F-11D3-BF4B-00C04F79EFBC}") = "Unity.2D.Tilemap.Extras", "Unity.2D.Tilemap.Extras.csproj", "{842E1F31-A6C1-B025-0C49-D0EB3E43DFBC}"
EndProject
Project("{FAE04EC0-301F-11D3-BF4B-00C04F79EFBC}") = "Desktopia", "Desktopia.csproj", "{46260944-A4F7-2EE0-A021-257342CD45BE}"
EndProject
Project("{FAE04EC0-301F-11D3-BF4B-00C04F79EFBC}") = "Unity.InputSystem.TestFramework", "Unity.InputSystem.TestFramework.csproj", "{722B9FFD-40AC-BEF4-C4ED-747C63E0D0CC}"
EndProject
Project("{FAE04EC0-301F-11D3-BF4B-00C04F79EFBC}") = "Unity.ShaderGraph.Utilities", "Unity.ShaderGraph.Utilities.csproj", "{97B6C8F9-883E-1DB8-A8C1-63E610E05F1E}"
EndProject
Project("{FAE04EC0-301F-11D3-BF4B-00C04F79EFBC}") = "Unity.VisualScripting.Shared.Editor", "Unity.VisualScripting.Shared.Editor.csproj", "{2068B262-7521-2AAF-521B-920136F742D9}"
EndProject
Project("{FAE04EC0-301F-11D3-BF4B-00C04F79EFBC}") = "Unity.Collections.DocCodeSamples", "Unity.Collections.DocCodeSamples.csproj", "{96C9CD82-06D7-05AA-BC9A-3935A0ED242B}"
EndProject
Project("{FAE04EC0-301F-11D3-BF4B-00C04F79EFBC}") = "Unity.Collections.BurstCompatibilityGen", "Unity.Collections.BurstCompatibilityGen.csproj", "{2FFAA9A4-1D9B-CF5F-DE9A-872A1AD283CF}"
EndProject
Project("{FAE04EC0-301F-11D3-BF4B-00C04F79EFBC}") = "Unity.CollabProxy.Editor", "Unity.CollabProxy.Editor.csproj", "{D2D2039A-855B-5F5A-6AA0-8754B7163D3A}"
EndProject
Project("{FAE04EC0-301F-11D3-BF4B-00C04F79EFBC}") = "Unity.RenderPipelines.ShaderGraph.ShaderGraphLibrary", "Unity.RenderPipelines.ShaderGraph.ShaderGraphLibrary.csproj", "{CC1470F9-575A-C834-0EBD-D69B7917C901}"
EndProject
Project("{FAE04EC0-301F-11D3-BF4B-00C04F79EFBC}") = "Unity.RenderPipelines.Core.ShaderLibrary", "Unity.RenderPipelines.Core.ShaderLibrary.csproj", "{0DD4C232-D47D-5591-CA93-07A45B39B65B}"
EndProject
Project("{FAE04EC0-301F-11D3-BF4B-00C04F79EFBC}") = "Unity.RenderPipelines.Universal.Shaders", "Unity.RenderPipelines.Universal.Shaders.csproj", "{71056E64-D0E5-4792-2084-7C7C36D592B5}"
EndProject
Global
	GlobalSection(SolutionConfigurationPlatforms) = preSolution
		Debug|Any CPU = Debug|Any CPU
		Release|Any CPU = Release|Any CPU
	EndGlobalSection
	GlobalSection(ProjectConfigurationPlatforms) = postSolution
		{F44C9B31-30D6-EB6A-67EE-E77285A004B3}.Debug|Any CPU.ActiveCfg = Debug|Any CPU
		{F44C9B31-30D6-EB6A-67EE-E77285A004B3}.Debug|Any CPU.Build.0 = Debug|Any CPU
		{F44C9B31-30D6-EB6A-67EE-E77285A004B3}.Release|Any CPU.ActiveCfg = Release|Any CPU
		{F44C9B31-30D6-EB6A-67EE-E77285A004B3}.Release|Any CPU.Build.0 = Release|Any CPU
		{F2002EDB-A48F-6718-2371-AD53E95B0308}.Debug|Any CPU.ActiveCfg = Debug|Any CPU
		{F2002EDB-A48F-6718-2371-AD53E95B0308}.Debug|Any CPU.Build.0 = Debug|Any CPU
		{F2002EDB-A48F-6718-2371-AD53E95B0308}.Release|Any CPU.ActiveCfg = Release|Any CPU
		{F2002EDB-A48F-6718-2371-AD53E95B0308}.Release|Any CPU.Build.0 = Release|Any CPU
		{39EED265-7147-43DB-4FBB-4549E1129E60}.Debug|Any CPU.ActiveCfg = Debug|Any CPU
		{39EED265-7147-43DB-4FBB-4549E1129E60}.Debug|Any CPU.Build.0 = Debug|Any CPU
		{39EED265-7147-43DB-4FBB-4549E1129E60}.Release|Any CPU.ActiveCfg = Release|Any CPU
		{39EED265-7147-43DB-4FBB-4549E1129E60}.Release|Any CPU.Build.0 = Release|Any CPU
		{5E4712EA-CA40-3655-D5BD-C4FED6BCAB78}.Debug|Any CPU.ActiveCfg = Debug|Any CPU
		{5E4712EA-CA40-3655-D5BD-C4FED6BCAB78}.Debug|Any CPU.Build.0 = Debug|Any CPU
		{5E4712EA-CA40-3655-D5BD-C4FED6BCAB78}.Release|Any CPU.ActiveCfg = Release|Any CPU
		{5E4712EA-CA40-3655-D5BD-C4FED6BCAB78}.Release|Any CPU.Build.0 = Release|Any CPU
		{583FE318-F637-A982-FEB4-A6BB70D4AD1F}.Debug|Any CPU.ActiveCfg = Debug|Any CPU
		{583FE318-F637-A982-FEB4-A6BB70D4AD1F}.Debug|Any CPU.Build.0 = Debug|Any CPU
		{583FE318-F637-A982-FEB4-A6BB70D4AD1F}.Release|Any CPU.ActiveCfg = Release|Any CPU
		{583FE318-F637-A982-FEB4-A6BB70D4AD1F}.Release|Any CPU.Build.0 = Release|Any CPU
		{BA0954CF-ED0B-10A5-CACF-16DD8622B88B}.Debug|Any CPU.ActiveCfg = Debug|Any CPU
		{BA0954CF-ED0B-10A5-CACF-16DD8622B88B}.Debug|Any CPU.Build.0 = Debug|Any CPU
		{BA0954CF-ED0B-10A5-CACF-16DD8622B88B}.Release|Any CPU.ActiveCfg = Release|Any CPU
		{BA0954CF-ED0B-10A5-CACF-16DD8622B88B}.Release|Any CPU.Build.0 = Release|Any CPU
		{D104DF82-F213-873A-0DE8-80C8207B27C8}.Debug|Any CPU.ActiveCfg = Debug|Any CPU
		{D104DF82-F213-873A-0DE8-80C8207B27C8}.Debug|Any CPU.Build.0 = Debug|Any CPU
		{D104DF82-F213-873A-0DE8-80C8207B27C8}.Release|Any CPU.ActiveCfg = Release|Any CPU
		{D104DF82-F213-873A-0DE8-80C8207B27C8}.Release|Any CPU.Build.0 = Release|Any CPU
		{E910D0DF-8DDC-7EE3-9173-5AC2BFF9DBDA}.Debug|Any CPU.ActiveCfg = Debug|Any CPU
		{E910D0DF-8DDC-7EE3-9173-5AC2BFF9DBDA}.Debug|Any CPU.Build.0 = Debug|Any CPU
		{E910D0DF-8DDC-7EE3-9173-5AC2BFF9DBDA}.Release|Any CPU.ActiveCfg = Release|Any CPU
		{E910D0DF-8DDC-7EE3-9173-5AC2BFF9DBDA}.Release|Any CPU.Build.0 = Release|Any CPU
		{93304ADD-73F9-156D-C1B3-B7307C6FDF0F}.Debug|Any CPU.ActiveCfg = Debug|Any CPU
		{93304ADD-73F9-156D-C1B3-B7307C6FDF0F}.Debug|Any CPU.Build.0 = Debug|Any CPU
		{93304ADD-73F9-156D-C1B3-B7307C6FDF0F}.Release|Any CPU.ActiveCfg = Release|Any CPU
		{93304ADD-73F9-156D-C1B3-B7307C6FDF0F}.Release|Any CPU.Build.0 = Release|Any CPU
		{92673D51-7FD1-2B35-3062-703D9D405010}.Debug|Any CPU.ActiveCfg = Debug|Any CPU
		{92673D51-7FD1-2B35-3062-703D9D405010}.Debug|Any CPU.Build.0 = Debug|Any CPU
		{92673D51-7FD1-2B35-3062-703D9D405010}.Release|Any CPU.ActiveCfg = Release|Any CPU
		{92673D51-7FD1-2B35-3062-703D9D405010}.Release|Any CPU.Build.0 = Release|Any CPU
		{902CA0E0-9216-8E7D-5451-D89AECC81797}.Debug|Any CPU.ActiveCfg = Debug|Any CPU
		{902CA0E0-9216-8E7D-5451-D89AECC81797}.Debug|Any CPU.Build.0 = Debug|Any CPU
		{902CA0E0-9216-8E7D-5451-D89AECC81797}.Release|Any CPU.ActiveCfg = Release|Any CPU
		{902CA0E0-9216-8E7D-5451-D89AECC81797}.Release|Any CPU.Build.0 = Release|Any CPU
		{37567434-7AB6-ABFE-6C91-13A93A962B6A}.Debug|Any CPU.ActiveCfg = Debug|Any CPU
		{37567434-7AB6-ABFE-6C91-13A93A962B6A}.Debug|Any CPU.Build.0 = Debug|Any CPU
		{37567434-7AB6-ABFE-6C91-13A93A962B6A}.Release|Any CPU.ActiveCfg = Release|Any CPU
		{37567434-7AB6-ABFE-6C91-13A93A962B6A}.Release|Any CPU.Build.0 = Release|Any CPU
		{766CCCB1-8C46-1E20-1850-A243A84FA1BE}.Debug|Any CPU.ActiveCfg = Debug|Any CPU
		{766CCCB1-8C46-1E20-1850-A243A84FA1BE}.Debug|Any CPU.Build.0 = Debug|Any CPU
		{766CCCB1-8C46-1E20-1850-A243A84FA1BE}.Release|Any CPU.ActiveCfg = Release|Any CPU
		{766CCCB1-8C46-1E20-1850-A243A84FA1BE}.Release|Any CPU.Build.0 = Release|Any CPU
		{95461532-07A1-55E2-AA5D-D2FA5B2D93E8}.Debug|Any CPU.ActiveCfg = Debug|Any CPU
		{95461532-07A1-55E2-AA5D-D2FA5B2D93E8}.Debug|Any CPU.Build.0 = Debug|Any CPU
		{95461532-07A1-55E2-AA5D-D2FA5B2D93E8}.Release|Any CPU.ActiveCfg = Release|Any CPU
		{95461532-07A1-55E2-AA5D-D2FA5B2D93E8}.Release|Any CPU.Build.0 = Release|Any CPU
		{883F6A85-973F-390B-9535-280691BE99ED}.Debug|Any CPU.ActiveCfg = Debug|Any CPU
		{883F6A85-973F-390B-9535-280691BE99ED}.Debug|Any CPU.Build.0 = Debug|Any CPU
		{883F6A85-973F-390B-9535-280691BE99ED}.Release|Any CPU.ActiveCfg = Release|Any CPU
		{883F6A85-973F-390B-9535-280691BE99ED}.Release|Any CPU.Build.0 = Release|Any CPU
		{7CC13C3F-59F8-DAF7-2057-2A37C8986D9B}.Debug|Any CPU.ActiveCfg = Debug|Any CPU
		{7CC13C3F-59F8-DAF7-2057-2A37C8986D9B}.Debug|Any CPU.Build.0 = Debug|Any CPU
		{7CC13C3F-59F8-DAF7-2057-2A37C8986D9B}.Release|Any CPU.ActiveCfg = Release|Any CPU
		{7CC13C3F-59F8-DAF7-2057-2A37C8986D9B}.Release|Any CPU.Build.0 = Release|Any CPU
		{FA330538-5AC1-9CE0-F12C-BCD2270D4DF0}.Debug|Any CPU.ActiveCfg = Debug|Any CPU
		{FA330538-5AC1-9CE0-F12C-BCD2270D4DF0}.Debug|Any CPU.Build.0 = Debug|Any CPU
		{FA330538-5AC1-9CE0-F12C-BCD2270D4DF0}.Release|Any CPU.ActiveCfg = Release|Any CPU
		{FA330538-5AC1-9CE0-F12C-BCD2270D4DF0}.Release|Any CPU.Build.0 = Release|Any CPU
		{52191DF3-DF4C-A3FF-195C-134A0AEC997F}.Debug|Any CPU.ActiveCfg = Debug|Any CPU
		{52191DF3-DF4C-A3FF-195C-134A0AEC997F}.Debug|Any CPU.Build.0 = Debug|Any CPU
		{52191DF3-DF4C-A3FF-195C-134A0AEC997F}.Release|Any CPU.ActiveCfg = Release|Any CPU
		{52191DF3-DF4C-A3FF-195C-134A0AEC997F}.Release|Any CPU.Build.0 = Release|Any CPU
		{25E17544-AB8B-6079-B45A-8B42E1D37245}.Debug|Any CPU.ActiveCfg = Debug|Any CPU
		{25E17544-AB8B-6079-B45A-8B42E1D37245}.Debug|Any CPU.Build.0 = Debug|Any CPU
		{25E17544-AB8B-6079-B45A-8B42E1D37245}.Release|Any CPU.ActiveCfg = Release|Any CPU
		{25E17544-AB8B-6079-B45A-8B42E1D37245}.Release|Any CPU.Build.0 = Release|Any CPU
		{EA714100-F63F-B370-9A88-43E38A45763E}.Debug|Any CPU.ActiveCfg = Debug|Any CPU
		{EA714100-F63F-B370-9A88-43E38A45763E}.Debug|Any CPU.Build.0 = Debug|Any CPU
		{EA714100-F63F-B370-9A88-43E38A45763E}.Release|Any CPU.ActiveCfg = Release|Any CPU
		{EA714100-F63F-B370-9A88-43E38A45763E}.Release|Any CPU.Build.0 = Release|Any CPU
		{6E78E11F-5A3B-340B-937B-78905AF1E9D2}.Debug|Any CPU.ActiveCfg = Debug|Any CPU
		{6E78E11F-5A3B-340B-937B-78905AF1E9D2}.Debug|Any CPU.Build.0 = Debug|Any CPU
		{6E78E11F-5A3B-340B-937B-78905AF1E9D2}.Release|Any CPU.ActiveCfg = Release|Any CPU
		{6E78E11F-5A3B-340B-937B-78905AF1E9D2}.Release|Any CPU.Build.0 = Release|Any CPU
		{6383B7A1-8411-2DD0-31C4-D015D2F15D75}.Debug|Any CPU.ActiveCfg = Debug|Any CPU
		{6383B7A1-8411-2DD0-31C4-D015D2F15D75}.Debug|Any CPU.Build.0 = Debug|Any CPU
		{6383B7A1-8411-2DD0-31C4-D015D2F15D75}.Release|Any CPU.ActiveCfg = Release|Any CPU
		{6383B7A1-8411-2DD0-31C4-D015D2F15D75}.Release|Any CPU.Build.0 = Release|Any CPU
		{E01D41B9-6B67-7103-CBDD-642528EE9049}.Debug|Any CPU.ActiveCfg = Debug|Any CPU
		{E01D41B9-6B67-7103-CBDD-642528EE9049}.Debug|Any CPU.Build.0 = Debug|Any CPU
		{E01D41B9-6B67-7103-CBDD-642528EE9049}.Release|Any CPU.ActiveCfg = Release|Any CPU
		{E01D41B9-6B67-7103-CBDD-642528EE9049}.Release|Any CPU.Build.0 = Release|Any CPU
		{56B5A934-5625-24C2-FA33-461E80810526}.Debug|Any CPU.ActiveCfg = Debug|Any CPU
		{56B5A934-5625-24C2-FA33-461E80810526}.Debug|Any CPU.Build.0 = Debug|Any CPU
		{56B5A934-5625-24C2-FA33-461E80810526}.Release|Any CPU.ActiveCfg = Release|Any CPU
		{56B5A934-5625-24C2-FA33-461E80810526}.Release|Any CPU.Build.0 = Release|Any CPU
		{F88FAE99-ECB4-8708-8D68-AEFCF836AE7B}.Debug|Any CPU.ActiveCfg = Debug|Any CPU
		{F88FAE99-ECB4-8708-8D68-AEFCF836AE7B}.Debug|Any CPU.Build.0 = Debug|Any CPU
		{F88FAE99-ECB4-8708-8D68-AEFCF836AE7B}.Release|Any CPU.ActiveCfg = Release|Any CPU
		{F88FAE99-ECB4-8708-8D68-AEFCF836AE7B}.Release|Any CPU.Build.0 = Release|Any CPU
		{352D933E-B305-EA9F-4C8A-7490ABF16E43}.Debug|Any CPU.ActiveCfg = Debug|Any CPU
		{352D933E-B305-EA9F-4C8A-7490ABF16E43}.Debug|Any CPU.Build.0 = Debug|Any CPU
		{352D933E-B305-EA9F-4C8A-7490ABF16E43}.Release|Any CPU.ActiveCfg = Release|Any CPU
		{352D933E-B305-EA9F-4C8A-7490ABF16E43}.Release|Any CPU.Build.0 = Release|Any CPU
		{B7A6EB53-EFCC-157D-5EF4-7B26D43DEEA0}.Debug|Any CPU.ActiveCfg = Debug|Any CPU
		{B7A6EB53-EFCC-157D-5EF4-7B26D43DEEA0}.Debug|Any CPU.Build.0 = Debug|Any CPU
		{B7A6EB53-EFCC-157D-5EF4-7B26D43DEEA0}.Release|Any CPU.ActiveCfg = Release|Any CPU
		{B7A6EB53-EFCC-157D-5EF4-7B26D43DEEA0}.Release|Any CPU.Build.0 = Release|Any CPU
		{77AE2112-EA88-90A6-01F3-1F741CC89009}.Debug|Any CPU.ActiveCfg = Debug|Any CPU
		{77AE2112-EA88-90A6-01F3-1F741CC89009}.Debug|Any CPU.Build.0 = Debug|Any CPU
		{77AE2112-EA88-90A6-01F3-1F741CC89009}.Release|Any CPU.ActiveCfg = Release|Any CPU
		{77AE2112-EA88-90A6-01F3-1F741CC89009}.Release|Any CPU.Build.0 = Release|Any CPU
		{5DECB17F-042C-4B1C-6AF8-58F16682FE4D}.Debug|Any CPU.ActiveCfg = Debug|Any CPU
		{5DECB17F-042C-4B1C-6AF8-58F16682FE4D}.Debug|Any CPU.Build.0 = Debug|Any CPU
		{5DECB17F-042C-4B1C-6AF8-58F16682FE4D}.Release|Any CPU.ActiveCfg = Release|Any CPU
		{5DECB17F-042C-4B1C-6AF8-58F16682FE4D}.Release|Any CPU.Build.0 = Release|Any CPU
		{C591064E-03DD-F6F8-EA31-CB2863A5DC86}.Debug|Any CPU.ActiveCfg = Debug|Any CPU
		{C591064E-03DD-F6F8-EA31-CB2863A5DC86}.Debug|Any CPU.Build.0 = Debug|Any CPU
		{C591064E-03DD-F6F8-EA31-CB2863A5DC86}.Release|Any CPU.ActiveCfg = Release|Any CPU
		{C591064E-03DD-F6F8-EA31-CB2863A5DC86}.Release|Any CPU.Build.0 = Release|Any CPU
		{077C2373-DFAF-8CE5-3217-2AA2F348AB47}.Debug|Any CPU.ActiveCfg = Debug|Any CPU
		{077C2373-DFAF-8CE5-3217-2AA2F348AB47}.Debug|Any CPU.Build.0 = Debug|Any CPU
		{077C2373-DFAF-8CE5-3217-2AA2F348AB47}.Release|Any CPU.ActiveCfg = Release|Any CPU
		{077C2373-DFAF-8CE5-3217-2AA2F348AB47}.Release|Any CPU.Build.0 = Release|Any CPU
		{901FA208-2629-51AB-417E-17CCE0E4E77C}.Debug|Any CPU.ActiveCfg = Debug|Any CPU
		{901FA208-2629-51AB-417E-17CCE0E4E77C}.Debug|Any CPU.Build.0 = Debug|Any CPU
		{901FA208-2629-51AB-417E-17CCE0E4E77C}.Release|Any CPU.ActiveCfg = Release|Any CPU
		{901FA208-2629-51AB-417E-17CCE0E4E77C}.Release|Any CPU.Build.0 = Release|Any CPU
		{0122A4C9-3444-CA7D-361E-7D425C9D6B84}.Debug|Any CPU.ActiveCfg = Debug|Any CPU
		{0122A4C9-3444-CA7D-361E-7D425C9D6B84}.Debug|Any CPU.Build.0 = Debug|Any CPU
		{0122A4C9-3444-CA7D-361E-7D425C9D6B84}.Release|Any CPU.ActiveCfg = Release|Any CPU
		{0122A4C9-3444-CA7D-361E-7D425C9D6B84}.Release|Any CPU.Build.0 = Release|Any CPU
		{D41368A2-8597-D86E-1788-250483848CA6}.Debug|Any CPU.ActiveCfg = Debug|Any CPU
		{D41368A2-8597-D86E-1788-250483848CA6}.Debug|Any CPU.Build.0 = Debug|Any CPU
		{D41368A2-8597-D86E-1788-250483848CA6}.Release|Any CPU.ActiveCfg = Release|Any CPU
		{D41368A2-8597-D86E-1788-250483848CA6}.Release|Any CPU.Build.0 = Release|Any CPU
		{7417F353-6899-D759-BB2C-C159B359081B}.Debug|Any CPU.ActiveCfg = Debug|Any CPU
		{7417F353-6899-D759-BB2C-C159B359081B}.Debug|Any CPU.Build.0 = Debug|Any CPU
		{7417F353-6899-D759-BB2C-C159B359081B}.Release|Any CPU.ActiveCfg = Release|Any CPU
		{7417F353-6899-D759-BB2C-C159B359081B}.Release|Any CPU.Build.0 = Release|Any CPU
		{EEDCB3C5-B283-B7FC-DD2B-A87D7B2339A0}.Debug|Any CPU.ActiveCfg = Debug|Any CPU
		{EEDCB3C5-B283-B7FC-DD2B-A87D7B2339A0}.Debug|Any CPU.Build.0 = Debug|Any CPU
		{EEDCB3C5-B283-B7FC-DD2B-A87D7B2339A0}.Release|Any CPU.ActiveCfg = Release|Any CPU
		{EEDCB3C5-B283-B7FC-DD2B-A87D7B2339A0}.Release|Any CPU.Build.0 = Release|Any CPU
		{BA7689BA-565C-3FFC-C3AD-1EAAD141BC84}.Debug|Any CPU.ActiveCfg = Debug|Any CPU
		{BA7689BA-565C-3FFC-C3AD-1EAAD141BC84}.Debug|Any CPU.Build.0 = Debug|Any CPU
		{BA7689BA-565C-3FFC-C3AD-1EAAD141BC84}.Release|Any CPU.ActiveCfg = Release|Any CPU
		{BA7689BA-565C-3FFC-C3AD-1EAAD141BC84}.Release|Any CPU.Build.0 = Release|Any CPU
		{5D003C87-0A32-D355-99D7-36EDC744D35E}.Debug|Any CPU.ActiveCfg = Debug|Any CPU
		{5D003C87-0A32-D355-99D7-36EDC744D35E}.Debug|Any CPU.Build.0 = Debug|Any CPU
		{5D003C87-0A32-D355-99D7-36EDC744D35E}.Release|Any CPU.ActiveCfg = Release|Any CPU
		{5D003C87-0A32-D355-99D7-36EDC744D35E}.Release|Any CPU.Build.0 = Release|Any CPU
		{D184956C-EB33-53E1-E16B-67A65989662A}.Debug|Any CPU.ActiveCfg = Debug|Any CPU
		{D184956C-EB33-53E1-E16B-67A65989662A}.Debug|Any CPU.Build.0 = Debug|Any CPU
		{D184956C-EB33-53E1-E16B-67A65989662A}.Release|Any CPU.ActiveCfg = Release|Any CPU
		{D184956C-EB33-53E1-E16B-67A65989662A}.Release|Any CPU.Build.0 = Release|Any CPU
		{553D1EAE-AA7A-9C32-E9FC-EA600CFD0AA8}.Debug|Any CPU.ActiveCfg = Debug|Any CPU
		{553D1EAE-AA7A-9C32-E9FC-EA600CFD0AA8}.Debug|Any CPU.Build.0 = Debug|Any CPU
		{553D1EAE-AA7A-9C32-E9FC-EA600CFD0AA8}.Release|Any CPU.ActiveCfg = Release|Any CPU
		{553D1EAE-AA7A-9C32-E9FC-EA600CFD0AA8}.Release|Any CPU.Build.0 = Release|Any CPU
		{59A4981E-0BB1-C1AB-692A-A7F182DEE43C}.Debug|Any CPU.ActiveCfg = Debug|Any CPU
		{59A4981E-0BB1-C1AB-692A-A7F182DEE43C}.Debug|Any CPU.Build.0 = Debug|Any CPU
		{59A4981E-0BB1-C1AB-692A-A7F182DEE43C}.Release|Any CPU.ActiveCfg = Release|Any CPU
		{59A4981E-0BB1-C1AB-692A-A7F182DEE43C}.Release|Any CPU.Build.0 = Release|Any CPU
		{60720793-278F-73B7-E380-F21BC564C3D6}.Debug|Any CPU.ActiveCfg = Debug|Any CPU
		{60720793-278F-73B7-E380-F21BC564C3D6}.Debug|Any CPU.Build.0 = Debug|Any CPU
		{60720793-278F-73B7-E380-F21BC564C3D6}.Release|Any CPU.ActiveCfg = Release|Any CPU
		{60720793-278F-73B7-E380-F21BC564C3D6}.Release|Any CPU.Build.0 = Release|Any CPU
		{C141AA17-0F55-5F64-F166-186B23CFAA2B}.Debug|Any CPU.ActiveCfg = Debug|Any CPU
		{C141AA17-0F55-5F64-F166-186B23CFAA2B}.Debug|Any CPU.Build.0 = Debug|Any CPU
		{C141AA17-0F55-5F64-F166-186B23CFAA2B}.Release|Any CPU.ActiveCfg = Release|Any CPU
		{C141AA17-0F55-5F64-F166-186B23CFAA2B}.Release|Any CPU.Build.0 = Release|Any CPU
		{6F234022-8BF6-9C14-DC2B-C3427EDCC407}.Debug|Any CPU.ActiveCfg = Debug|Any CPU
		{6F234022-8BF6-9C14-DC2B-C3427EDCC407}.Debug|Any CPU.Build.0 = Debug|Any CPU
		{6F234022-8BF6-9C14-DC2B-C3427EDCC407}.Release|Any CPU.ActiveCfg = Release|Any CPU
		{6F234022-8BF6-9C14-DC2B-C3427EDCC407}.Release|Any CPU.Build.0 = Release|Any CPU
		{80827706-A7A5-1E4B-8C2B-7084AF8048E5}.Debug|Any CPU.ActiveCfg = Debug|Any CPU
		{80827706-A7A5-1E4B-8C2B-7084AF8048E5}.Debug|Any CPU.Build.0 = Debug|Any CPU
		{80827706-A7A5-1E4B-8C2B-7084AF8048E5}.Release|Any CPU.ActiveCfg = Release|Any CPU
		{80827706-A7A5-1E4B-8C2B-7084AF8048E5}.Release|Any CPU.Build.0 = Release|Any CPU
		{F0A603B6-602B-3C4F-D0FC-CAF22B344000}.Debug|Any CPU.ActiveCfg = Debug|Any CPU
		{F0A603B6-602B-3C4F-D0FC-CAF22B344000}.Debug|Any CPU.Build.0 = Debug|Any CPU
		{F0A603B6-602B-3C4F-D0FC-CAF22B344000}.Release|Any CPU.ActiveCfg = Release|Any CPU
		{F0A603B6-602B-3C4F-D0FC-CAF22B344000}.Release|Any CPU.Build.0 = Release|Any CPU
		{F13D3E9E-0618-62B5-04B7-5B6AA7B87B49}.Debug|Any CPU.ActiveCfg = Debug|Any CPU
		{F13D3E9E-0618-62B5-04B7-5B6AA7B87B49}.Debug|Any CPU.Build.0 = Debug|Any CPU
		{F13D3E9E-0618-62B5-04B7-5B6AA7B87B49}.Release|Any CPU.ActiveCfg = Release|Any CPU
		{F13D3E9E-0618-62B5-04B7-5B6AA7B87B49}.Release|Any CPU.Build.0 = Release|Any CPU
		{0E162B7A-8FA5-76AA-5385-161C7C6F5397}.Debug|Any CPU.ActiveCfg = Debug|Any CPU
		{0E162B7A-8FA5-76AA-5385-161C7C6F5397}.Debug|Any CPU.Build.0 = Debug|Any CPU
		{0E162B7A-8FA5-76AA-5385-161C7C6F5397}.Release|Any CPU.ActiveCfg = Release|Any CPU
		{0E162B7A-8FA5-76AA-5385-161C7C6F5397}.Release|Any CPU.Build.0 = Release|Any CPU
		{147F6256-175E-EEB6-98DF-819B1B64A494}.Debug|Any CPU.ActiveCfg = Debug|Any CPU
		{147F6256-175E-EEB6-98DF-819B1B64A494}.Debug|Any CPU.Build.0 = Debug|Any CPU
		{147F6256-175E-EEB6-98DF-819B1B64A494}.Release|Any CPU.ActiveCfg = Release|Any CPU
		{147F6256-175E-EEB6-98DF-819B1B64A494}.Release|Any CPU.Build.0 = Release|Any CPU
		{C7A56FEE-D0C6-C71E-881F-52D70ED2754D}.Debug|Any CPU.ActiveCfg = Debug|Any CPU
		{C7A56FEE-D0C6-C71E-881F-52D70ED2754D}.Debug|Any CPU.Build.0 = Debug|Any CPU
		{C7A56FEE-D0C6-C71E-881F-52D70ED2754D}.Release|Any CPU.ActiveCfg = Release|Any CPU
		{C7A56FEE-D0C6-C71E-881F-52D70ED2754D}.Release|Any CPU.Build.0 = Release|Any CPU
		{31DA2B92-04D6-72DD-386C-8E7027C2A5A4}.Debug|Any CPU.ActiveCfg = Debug|Any CPU
		{31DA2B92-04D6-72DD-386C-8E7027C2A5A4}.Debug|Any CPU.Build.0 = Debug|Any CPU
		{31DA2B92-04D6-72DD-386C-8E7027C2A5A4}.Release|Any CPU.ActiveCfg = Release|Any CPU
		{31DA2B92-04D6-72DD-386C-8E7027C2A5A4}.Release|Any CPU.Build.0 = Release|Any CPU
		{B7627A58-687D-E576-828D-DD1B6C9FF0E0}.Debug|Any CPU.ActiveCfg = Debug|Any CPU
		{B7627A58-687D-E576-828D-DD1B6C9FF0E0}.Debug|Any CPU.Build.0 = Debug|Any CPU
		{B7627A58-687D-E576-828D-DD1B6C9FF0E0}.Release|Any CPU.ActiveCfg = Release|Any CPU
		{B7627A58-687D-E576-828D-DD1B6C9FF0E0}.Release|Any CPU.Build.0 = Release|Any CPU
		{5084DD9A-4092-B2E2-D20D-C67B135DB049}.Debug|Any CPU.ActiveCfg = Debug|Any CPU
		{5084DD9A-4092-B2E2-D20D-C67B135DB049}.Debug|Any CPU.Build.0 = Debug|Any CPU
		{5084DD9A-4092-B2E2-D20D-C67B135DB049}.Release|Any CPU.ActiveCfg = Release|Any CPU
		{5084DD9A-4092-B2E2-D20D-C67B135DB049}.Release|Any CPU.Build.0 = Release|Any CPU
		{269F13CF-6A68-AD79-CFC8-221C462270B0}.Debug|Any CPU.ActiveCfg = Debug|Any CPU
		{269F13CF-6A68-AD79-CFC8-221C462270B0}.Debug|Any CPU.Build.0 = Debug|Any CPU
		{269F13CF-6A68-AD79-CFC8-221C462270B0}.Release|Any CPU.ActiveCfg = Release|Any CPU
		{269F13CF-6A68-AD79-CFC8-221C462270B0}.Release|Any CPU.Build.0 = Release|Any CPU
		{E3EB67A9-714E-E77A-A446-3389C6FC04DA}.Debug|Any CPU.ActiveCfg = Debug|Any CPU
		{E3EB67A9-714E-E77A-A446-3389C6FC04DA}.Debug|Any CPU.Build.0 = Debug|Any CPU
		{E3EB67A9-714E-E77A-A446-3389C6FC04DA}.Release|Any CPU.ActiveCfg = Release|Any CPU
		{E3EB67A9-714E-E77A-A446-3389C6FC04DA}.Release|Any CPU.Build.0 = Release|Any CPU
		{EA7591B3-A2A5-BA80-F4D5-7021D4E993FF}.Debug|Any CPU.ActiveCfg = Debug|Any CPU
		{EA7591B3-A2A5-BA80-F4D5-7021D4E993FF}.Debug|Any CPU.Build.0 = Debug|Any CPU
		{EA7591B3-A2A5-BA80-F4D5-7021D4E993FF}.Release|Any CPU.ActiveCfg = Release|Any CPU
		{EA7591B3-A2A5-BA80-F4D5-7021D4E993FF}.Release|Any CPU.Build.0 = Release|Any CPU
		{C30AAD03-EDD6-3A28-EF75-1E352FA5D542}.Debug|Any CPU.ActiveCfg = Debug|Any CPU
		{C30AAD03-EDD6-3A28-EF75-1E352FA5D542}.Debug|Any CPU.Build.0 = Debug|Any CPU
		{C30AAD03-EDD6-3A28-EF75-1E352FA5D542}.Release|Any CPU.ActiveCfg = Release|Any CPU
		{C30AAD03-EDD6-3A28-EF75-1E352FA5D542}.Release|Any CPU.Build.0 = Release|Any CPU
		{842E1F31-A6C1-B025-0C49-D0EB3E43DFBC}.Debug|Any CPU.ActiveCfg = Debug|Any CPU
		{842E1F31-A6C1-B025-0C49-D0EB3E43DFBC}.Debug|Any CPU.Build.0 = Debug|Any CPU
		{842E1F31-A6C1-B025-0C49-D0EB3E43DFBC}.Release|Any CPU.ActiveCfg = Release|Any CPU
		{842E1F31-A6C1-B025-0C49-D0EB3E43DFBC}.Release|Any CPU.Build.0 = Release|Any CPU
		{46260944-A4F7-2EE0-A021-257342CD45BE}.Debug|Any CPU.ActiveCfg = Debug|Any CPU
		{46260944-A4F7-2EE0-A021-257342CD45BE}.Debug|Any CPU.Build.0 = Debug|Any CPU
		{46260944-A4F7-2EE0-A021-257342CD45BE}.Release|Any CPU.ActiveCfg = Release|Any CPU
		{46260944-A4F7-2EE0-A021-257342CD45BE}.Release|Any CPU.Build.0 = Release|Any CPU
		{722B9FFD-40AC-BEF4-C4ED-747C63E0D0CC}.Debug|Any CPU.ActiveCfg = Debug|Any CPU
		{722B9FFD-40AC-BEF4-C4ED-747C63E0D0CC}.Debug|Any CPU.Build.0 = Debug|Any CPU
		{722B9FFD-40AC-BEF4-C4ED-747C63E0D0CC}.Release|Any CPU.ActiveCfg = Release|Any CPU
		{722B9FFD-40AC-BEF4-C4ED-747C63E0D0CC}.Release|Any CPU.Build.0 = Release|Any CPU
		{97B6C8F9-883E-1DB8-A8C1-63E610E05F1E}.Debug|Any CPU.ActiveCfg = Debug|Any CPU
		{97B6C8F9-883E-1DB8-A8C1-63E610E05F1E}.Debug|Any CPU.Build.0 = Debug|Any CPU
		{97B6C8F9-883E-1DB8-A8C1-63E610E05F1E}.Release|Any CPU.ActiveCfg = Release|Any CPU
		{97B6C8F9-883E-1DB8-A8C1-63E610E05F1E}.Release|Any CPU.Build.0 = Release|Any CPU
		{2068B262-7521-2AAF-521B-920136F742D9}.Debug|Any CPU.ActiveCfg = Debug|Any CPU
		{2068B262-7521-2AAF-521B-920136F742D9}.Debug|Any CPU.Build.0 = Debug|Any CPU
		{2068B262-7521-2AAF-521B-920136F742D9}.Release|Any CPU.ActiveCfg = Release|Any CPU
		{2068B262-7521-2AAF-521B-920136F742D9}.Release|Any CPU.Build.0 = Release|Any CPU
		{96C9CD82-06D7-05AA-BC9A-3935A0ED242B}.Debug|Any CPU.ActiveCfg = Debug|Any CPU
		{96C9CD82-06D7-05AA-BC9A-3935A0ED242B}.Debug|Any CPU.Build.0 = Debug|Any CPU
		{96C9CD82-06D7-05AA-BC9A-3935A0ED242B}.Release|Any CPU.ActiveCfg = Release|Any CPU
		{96C9CD82-06D7-05AA-BC9A-3935A0ED242B}.Release|Any CPU.Build.0 = Release|Any CPU
		{2FFAA9A4-1D9B-CF5F-DE9A-872A1AD283CF}.Debug|Any CPU.ActiveCfg = Debug|Any CPU
		{2FFAA9A4-1D9B-CF5F-DE9A-872A1AD283CF}.Debug|Any CPU.Build.0 = Debug|Any CPU
		{2FFAA9A4-1D9B-CF5F-DE9A-872A1AD283CF}.Release|Any CPU.ActiveCfg = Release|Any CPU
		{2FFAA9A4-1D9B-CF5F-DE9A-872A1AD283CF}.Release|Any CPU.Build.0 = Release|Any CPU
		{D2D2039A-855B-5F5A-6AA0-8754B7163D3A}.Debug|Any CPU.ActiveCfg = Debug|Any CPU
		{D2D2039A-855B-5F5A-6AA0-8754B7163D3A}.Debug|Any CPU.Build.0 = Debug|Any CPU
		{D2D2039A-855B-5F5A-6AA0-8754B7163D3A}.Release|Any CPU.ActiveCfg = Release|Any CPU
		{D2D2039A-855B-5F5A-6AA0-8754B7163D3A}.Release|Any CPU.Build.0 = Release|Any CPU
		{CC1470F9-575A-C834-0EBD-D69B7917C901}.Debug|Any CPU.ActiveCfg = Debug|Any CPU
		{CC1470F9-575A-C834-0EBD-D69B7917C901}.Debug|Any CPU.Build.0 = Debug|Any CPU
		{CC1470F9-575A-C834-0EBD-D69B7917C901}.Release|Any CPU.ActiveCfg = Release|Any CPU
		{CC1470F9-575A-C834-0EBD-D69B7917C901}.Release|Any CPU.Build.0 = Release|Any CPU
		{0DD4C232-D47D-5591-CA93-07A45B39B65B}.Debug|Any CPU.ActiveCfg = Debug|Any CPU
		{0DD4C232-D47D-5591-CA93-07A45B39B65B}.Debug|Any CPU.Build.0 = Debug|Any CPU
		{0DD4C232-D47D-5591-CA93-07A45B39B65B}.Release|Any CPU.ActiveCfg = Release|Any CPU
		{0DD4C232-D47D-5591-CA93-07A45B39B65B}.Release|Any CPU.Build.0 = Release|Any CPU
		{71056E64-D0E5-4792-2084-7C7C36D592B5}.Debug|Any CPU.ActiveCfg = Debug|Any CPU
		{71056E64-D0E5-4792-2084-7C7C36D592B5}.Debug|Any CPU.Build.0 = Debug|Any CPU
		{71056E64-D0E5-4792-2084-7C7C36D592B5}.Release|Any CPU.ActiveCfg = Release|Any CPU
		{71056E64-D0E5-4792-2084-7C7C36D592B5}.Release|Any CPU.Build.0 = Release|Any CPU
	EndGlobalSection
	GlobalSection(SolutionProperties) = preSolution
		HideSolutionNode = FALSE
	EndGlobalSection
EndGlobal
